
Microsoft Visual Studio Solution File, Format Version 12.00
# Visual Studio Version 17
VisualStudioVersion = 17.13.35919.96 d17.13
MinimumVisualStudioVersion = 10.0.40219.1
Project("{FAE04EC0-301F-11D3-BF4B-00C04F79EFBC}") = "Karin.Api", "Karin.Api\Karin.Api.csproj", "{11C4CA73-F0FA-47C2-9FB2-9BC48904EBA2}"
EndProject
Global
	GlobalSection(SolutionConfigurationPlatforms) = preSolution
		Debug|Any CPU = Debug|Any CPU
		Release|Any CPU = Release|Any CPU
	EndGlobalSection
	GlobalSection(ProjectConfigurationPlatforms) = postSolution
		{11C4CA73-F0FA-47C2-9FB2-9BC48904EBA2}.Debug|Any CPU.ActiveCfg = Debug|Any CPU
		{11C4CA73-F0FA-47C2-9FB2-9BC48904EBA2}.Debug|Any CPU.Build.0 = Debug|Any CPU
		{11C4CA73-F0FA-47C2-9FB2-9BC48904EBA2}.Release|Any CPU.ActiveCfg = Release|Any CPU
		{11C4CA73-F0FA-47C2-9FB2-9BC48904EBA2}.Release|Any CPU.Build.0 = Release|Any CPU
	EndGlobalSection
	GlobalSection(SolutionProperties) = preSolution
		HideSolutionNode = FALSE
	EndGlobalSection
	GlobalSection(ExtensibilityGlobals) = postSolution
		SolutionGuid = {1EC3823A-E3FC-4B7C-8C62-2E19DCF5DA29}
	EndGlobalSection
EndGlobal
