
Microsoft Visual Studio Solution File, Format Version 12.00
# Visual Studio Version 17
VisualStudioVersion = 17.13.35919.96
MinimumVisualStudioVersion = 10.0.40219.1
Project("{FAE04EC0-301F-11D3-BF4B-00C04F79EFBC}") = "Karin.Api", "Karin.Api\Karin.Api.csproj", "{11C4CA73-F0FA-47C2-9FB2-9BC48904EBA2}"
EndProject
Project("{FAE04EC0-301F-11D3-BF4B-00C04F79EFBC}") = "Karin.Application", "Karin.Application\Karin.Application.csproj", "{67FC81C6-CEFB-4BC3-A8C4-898454E2870B}"
EndProject
Project("{FAE04EC0-301F-11D3-BF4B-00C04F79EFBC}") = "Karin.Infrastructure", "Karin.Infrastructure\Karin.Infrastructure.csproj", "{DE6C42BA-13A5-4DC7-ACD8-FF698326FF8A}"
EndProject
Project("{FAE04EC0-301F-11D3-BF4B-00C04F79EFBC}") = "Karin.Domain", "Karin.Domain\Karin.Domain.csproj", "{86F32AE2-852E-45B7-8BBA-2FC0092D5690}"
EndProject
Project("{FAE04EC0-301F-11D3-BF4B-00C04F79EFBC}") = "Karin.Shared", "Karin.Shared\Karin.Shared.csproj", "{7DADE270-FD47-405C-8F7A-06C1C10D4BC1}"
EndProject
Project("{2150E333-8FDC-42A3-9474-1A3956D46DE8}") = "Solution Items", "Solution Items", "{02EA681E-C7D8-13C7-8484-4AC65E1B71E8}"
	ProjectSection(SolutionItems) = preProject
		.editorconfig = .editorconfig
	EndProjectSection
EndProject
Project("{FAE04EC0-301F-11D3-BF4B-00C04F79EFBC}") = "Karin.Resources", "Karin.Resources\Karin.Resources.csproj", "{2B38F299-D383-49C5-9B46-EAC5050D2891}"
EndProject
Global
	GlobalSection(SolutionConfigurationPlatforms) = preSolution
		Debug|Any CPU = Debug|Any CPU
		Release|Any CPU = Release|Any CPU
	EndGlobalSection
	GlobalSection(ProjectConfigurationPlatforms) = postSolution
		{11C4CA73-F0FA-47C2-9FB2-9BC48904EBA2}.Debug|Any CPU.ActiveCfg = Debug|Any CPU
		{11C4CA73-F0FA-47C2-9FB2-9BC48904EBA2}.Debug|Any CPU.Build.0 = Debug|Any CPU
		{11C4CA73-F0FA-47C2-9FB2-9BC48904EBA2}.Release|Any CPU.ActiveCfg = Release|Any CPU
		{11C4CA73-F0FA-47C2-9FB2-9BC48904EBA2}.Release|Any CPU.Build.0 = Release|Any CPU
		{67FC81C6-CEFB-4BC3-A8C4-898454E2870B}.Debug|Any CPU.ActiveCfg = Debug|Any CPU
		{67FC81C6-CEFB-4BC3-A8C4-898454E2870B}.Debug|Any CPU.Build.0 = Debug|Any CPU
		{67FC81C6-CEFB-4BC3-A8C4-898454E2870B}.Release|Any CPU.ActiveCfg = Release|Any CPU
		{67FC81C6-CEFB-4BC3-A8C4-898454E2870B}.Release|Any CPU.Build.0 = Release|Any CPU
		{DE6C42BA-13A5-4DC7-ACD8-FF698326FF8A}.Debug|Any CPU.ActiveCfg = Debug|Any CPU
		{DE6C42BA-13A5-4DC7-ACD8-FF698326FF8A}.Debug|Any CPU.Build.0 = Debug|Any CPU
		{DE6C42BA-13A5-4DC7-ACD8-FF698326FF8A}.Release|Any CPU.ActiveCfg = Release|Any CPU
		{DE6C42BA-13A5-4DC7-ACD8-FF698326FF8A}.Release|Any CPU.Build.0 = Release|Any CPU
		{86F32AE2-852E-45B7-8BBA-2FC0092D5690}.Debug|Any CPU.ActiveCfg = Debug|Any CPU
		{86F32AE2-852E-45B7-8BBA-2FC0092D5690}.Debug|Any CPU.Build.0 = Debug|Any CPU
		{86F32AE2-852E-45B7-8BBA-2FC0092D5690}.Release|Any CPU.ActiveCfg = Release|Any CPU
		{86F32AE2-852E-45B7-8BBA-2FC0092D5690}.Release|Any CPU.Build.0 = Release|Any CPU
		{7DADE270-FD47-405C-8F7A-06C1C10D4BC1}.Debug|Any CPU.ActiveCfg = Debug|Any CPU
		{7DADE270-FD47-405C-8F7A-06C1C10D4BC1}.Debug|Any CPU.Build.0 = Debug|Any CPU
		{7DADE270-FD47-405C-8F7A-06C1C10D4BC1}.Release|Any CPU.ActiveCfg = Release|Any CPU
		{7DADE270-FD47-405C-8F7A-06C1C10D4BC1}.Release|Any CPU.Build.0 = Release|Any CPU
		{2B38F299-D383-49C5-9B46-EAC5050D2891}.Debug|Any CPU.ActiveCfg = Debug|Any CPU
		{2B38F299-D383-49C5-9B46-EAC5050D2891}.Debug|Any CPU.Build.0 = Debug|Any CPU
		{2B38F299-D383-49C5-9B46-EAC5050D2891}.Release|Any CPU.ActiveCfg = Release|Any CPU
		{2B38F299-D383-49C5-9B46-EAC5050D2891}.Release|Any CPU.Build.0 = Release|Any CPU
	EndGlobalSection
	GlobalSection(SolutionProperties) = preSolution
		HideSolutionNode = FALSE
	EndGlobalSection
	GlobalSection(ExtensibilityGlobals) = postSolution
		SolutionGuid = {1EC3823A-E3FC-4B7C-8C62-2E19DCF5DA29}
	EndGlobalSection
EndGlobal
